
Microsoft Visual Studio Solution File, Format Version 12.00
Project("{FAE04EC0-301F-11D3-BF4B-00C04F79EFBC}") = "Puzzle02", "Puzzle02\Puzzle02.csproj", "{C5D51619-C293-44D6-B1C5-3C19A6D7DF6F}"
EndProject
Global
	GlobalSection(SolutionConfigurationPlatforms) = preSolution
		Debug|Any CPU = Debug|Any CPU
		Release|Any CPU = Release|Any CPU
	EndGlobalSection
	GlobalSection(ProjectConfigurationPlatforms) = postSolution
		{C5D51619-C293-44D6-B1C5-3C19A6D7DF6F}.Debug|Any CPU.ActiveCfg = Debug|Any CPU
		{C5D51619-C293-44D6-B1C5-3C19A6D7DF6F}.Debug|Any CPU.Build.0 = Debug|Any CPU
		{C5D51619-C293-44D6-B1C5-3C19A6D7DF6F}.Release|Any CPU.ActiveCfg = Release|Any CPU
		{C5D51619-C293-44D6-B1C5-3C19A6D7DF6F}.Release|Any CPU.Build.0 = Release|Any CPU
	EndGlobalSection
EndGlobal
