
Microsoft Visual Studio Solution File, Format Version 12.00
Project("{FAE04EC0-301F-11D3-BF4B-00C04F79EFBC}") = "01-01", "01-01\01-01.csproj", "{CBE07CE7-D1AA-4356-800F-208EC9C8EE0E}"
EndProject
Global
	GlobalSection(SolutionConfigurationPlatforms) = preSolution
		Debug|Any CPU = Debug|Any CPU
		Release|Any CPU = Release|Any CPU
	EndGlobalSection
	GlobalSection(ProjectConfigurationPlatforms) = postSolution
		{CBE07CE7-D1AA-4356-800F-208EC9C8EE0E}.Debug|Any CPU.ActiveCfg = Debug|Any CPU
		{CBE07CE7-D1AA-4356-800F-208EC9C8EE0E}.Debug|Any CPU.Build.0 = Debug|Any CPU
		{CBE07CE7-D1AA-4356-800F-208EC9C8EE0E}.Release|Any CPU.ActiveCfg = Release|Any CPU
		{CBE07CE7-D1AA-4356-800F-208EC9C8EE0E}.Release|Any CPU.Build.0 = Release|Any CPU
	EndGlobalSection
EndGlobal
